
Microsoft Visual Studio Solution File, Format Version 12.00
# Visual Studio Version 17
VisualStudioVersion = 17.1.32414.318
MinimumVisualStudioVersion = 10.0.40219.1
Project("{FAE04EC0-301F-11D3-BF4B-00C04F79EFBC}") = "ReflectionDemo", "ReflectionDemo\ReflectionDemo.csproj", "{1450E560-929C-41EC-B005-6B4FEDDB6D1D}"
EndProject
Project("{FAE04EC0-301F-11D3-BF4B-00C04F79EFBC}") = "AnnotationsDemo", "AnnotationsDemo\AnnotationsDemo.csproj", "{8F8C6628-789A-4C93-8E95-1FB2C9C87027}"
EndProject
Project("{FAE04EC0-301F-11D3-BF4B-00C04F79EFBC}") = "GarbageCollection", "GarbageCollection\GarbageCollection.csproj", "{932A5C1D-9336-42B7-837C-CA6617E04D26}"
EndProject
Global
	GlobalSection(SolutionConfigurationPlatforms) = preSolution
		Debug|Any CPU = Debug|Any CPU
		Release|Any CPU = Release|Any CPU
	EndGlobalSection
	GlobalSection(ProjectConfigurationPlatforms) = postSolution
		{1450E560-929C-41EC-B005-6B4FEDDB6D1D}.Debug|Any CPU.ActiveCfg = Debug|Any CPU
		{1450E560-929C-41EC-B005-6B4FEDDB6D1D}.Debug|Any CPU.Build.0 = Debug|Any CPU
		{1450E560-929C-41EC-B005-6B4FEDDB6D1D}.Release|Any CPU.ActiveCfg = Release|Any CPU
		{1450E560-929C-41EC-B005-6B4FEDDB6D1D}.Release|Any CPU.Build.0 = Release|Any CPU
		{8F8C6628-789A-4C93-8E95-1FB2C9C87027}.Debug|Any CPU.ActiveCfg = Debug|Any CPU
		{8F8C6628-789A-4C93-8E95-1FB2C9C87027}.Debug|Any CPU.Build.0 = Debug|Any CPU
		{8F8C6628-789A-4C93-8E95-1FB2C9C87027}.Release|Any CPU.ActiveCfg = Release|Any CPU
		{8F8C6628-789A-4C93-8E95-1FB2C9C87027}.Release|Any CPU.Build.0 = Release|Any CPU
		{932A5C1D-9336-42B7-837C-CA6617E04D26}.Debug|Any CPU.ActiveCfg = Debug|Any CPU
		{932A5C1D-9336-42B7-837C-CA6617E04D26}.Debug|Any CPU.Build.0 = Debug|Any CPU
		{932A5C1D-9336-42B7-837C-CA6617E04D26}.Release|Any CPU.ActiveCfg = Release|Any CPU
		{932A5C1D-9336-42B7-837C-CA6617E04D26}.Release|Any CPU.Build.0 = Release|Any CPU
	EndGlobalSection
	GlobalSection(SolutionProperties) = preSolution
		HideSolutionNode = FALSE
	EndGlobalSection
	GlobalSection(ExtensibilityGlobals) = postSolution
		SolutionGuid = {C3650536-34C0-4084-9CD1-F1387F3CCA72}
	EndGlobalSection
EndGlobal
